
Microsoft Visual Studio Solution File, Format Version 12.00
# Visual Studio Version 17
VisualStudioVersion = 17.5.002.0
MinimumVisualStudioVersion = 10.0.40219.1
Project("{2150E333-8FDC-42A3-9474-1A3956D46DE8}") = "3. Hafta", "3. Hafta", "{7C27B2A9-1332-424A-A3BD-1E2EC264A04D}"
EndProject
Project("{9A19103F-16F7-4668-BE54-9A1E7A4F7556}") = "_07Project", "3. Hafta\_07Project\_07Project.csproj", "{64E97EF7-F371-4235-A3B4-A7B884311090}"
EndProject
Project("{9A19103F-16F7-4668-BE54-9A1E7A4F7556}") = "_05Project", "3. Hafta\_05Project\_05Project.csproj", "{3EA8D257-12E7-4B69-816A-DBB61C367FEE}"
EndProject
Project("{9A19103F-16F7-4668-BE54-9A1E7A4F7556}") = "_01Project", "3. Hafta\_01Project\_01Project.csproj", "{D231CE6F-10C0-4378-B679-21D83DD58DBA}"
EndProject
Project("{9A19103F-16F7-4668-BE54-9A1E7A4F7556}") = "_03Project", "3. Hafta\_03Project\_03Project.csproj", "{D7F786AA-C236-4EFC-9D21-62ED89FF9FAE}"
EndProject
Project("{9A19103F-16F7-4668-BE54-9A1E7A4F7556}") = "_04Project", "3. Hafta\_04Project\_04Project.csproj", "{6726EE8E-5D68-4A28-AF9E-9B58B321D122}"
EndProject
Project("{9A19103F-16F7-4668-BE54-9A1E7A4F7556}") = "_08Project", "3. Hafta\_08Project\_08Project.csproj", "{09843AE8-AA86-4DFC-A8AB-AE89C06EBDA2}"
EndProject
Project("{9A19103F-16F7-4668-BE54-9A1E7A4F7556}") = "_02Project", "3. Hafta\_02Project\_02Project.csproj", "{0085ADAF-4019-4F69-B3EF-4A487D4CD92A}"
EndProject
Project("{2150E333-8FDC-42A3-9474-1A3956D46DE8}") = "1. Hafta", "1. Hafta", "{6D238956-285C-454F-8618-2031AC15AEC0}"
EndProject
Project("{9A19103F-16F7-4668-BE54-9A1E7A4F7556}") = "_07Project", "1. Hafta\_07Project\_07Project.csproj", "{4682C049-4BE9-4A28-B372-3812D8FF3182}"
EndProject
Project("{9A19103F-16F7-4668-BE54-9A1E7A4F7556}") = "_05Project", "1. Hafta\_05Project\_05Project.csproj", "{E2D68B6F-D8F3-48A2-9B3F-73FB12FAB6CA}"
EndProject
Project("{9A19103F-16F7-4668-BE54-9A1E7A4F7556}") = "_01Project", "1. Hafta\_01Project\_01Project.csproj", "{9CD1C874-7623-4C81-AD36-71E49215CE32}"
EndProject
Project("{9A19103F-16F7-4668-BE54-9A1E7A4F7556}") = "_03Project", "1. Hafta\_03Project\_03Project.csproj", "{87614D82-D792-4775-9094-5BD2D7D5009B}"
EndProject
Project("{9A19103F-16F7-4668-BE54-9A1E7A4F7556}") = "_06Project", "1. Hafta\_06Project\_06Project.csproj", "{8A0E88A6-9F7B-4353-B7F0-B24CF2BB176A}"
EndProject
Project("{9A19103F-16F7-4668-BE54-9A1E7A4F7556}") = "_04Project", "1. Hafta\_04Project\_04Project.csproj", "{250240A9-7031-4C82-9655-B51E9A9AE8EE}"
EndProject
Project("{9A19103F-16F7-4668-BE54-9A1E7A4F7556}") = "_02Project", "1. Hafta\_02Project\_02Project.csproj", "{EC53E9BF-8D0C-435F-A8C6-B7BC7F9CB42F}"
EndProject
Project("{2150E333-8FDC-42A3-9474-1A3956D46DE8}") = "12. Hafta", "12. Hafta", "{7C489874-FEDF-40B1-A3A4-4894F11DDDF1}"
EndProject
Project("{9A19103F-16F7-4668-BE54-9A1E7A4F7556}") = "NortwindMVC", "12. Hafta\NortwindMVC\NortwindMVC.csproj", "{B468208A-AF2C-4991-8CBB-4F21D76732DC}"
EndProject
Project("{2150E333-8FDC-42A3-9474-1A3956D46DE8}") = "2. Hafta", "2. Hafta", "{7B417FFA-50ED-4D66-842F-6B53E9D5C8D5}"
EndProject
Project("{9A19103F-16F7-4668-BE54-9A1E7A4F7556}") = "_07Project", "2. Hafta\_07Project\_07Project.csproj", "{F0502F8E-A3D2-4430-ADA9-905CB6B00BF5}"
EndProject
Project("{9A19103F-16F7-4668-BE54-9A1E7A4F7556}") = "_05Project", "2. Hafta\_05Project\_05Project.csproj", "{EF8F5361-3E06-4F4D-A4B4-E27BFD857D84}"
EndProject
Project("{9A19103F-16F7-4668-BE54-9A1E7A4F7556}") = "_01Project", "2. Hafta\_01Project\_01Project.csproj", "{BB6AF874-F583-4207-8853-70879B8159F1}"
EndProject
Project("{9A19103F-16F7-4668-BE54-9A1E7A4F7556}") = "_03Project", "2. Hafta\_03Project\_03Project.csproj", "{C31789A3-C849-4C39-8F33-4E16A262E5DF}"
EndProject
Project("{9A19103F-16F7-4668-BE54-9A1E7A4F7556}") = "_06Project", "2. Hafta\_06Project\_06Project.csproj", "{72E26D5C-35FF-4998-A755-A83BA3D046E7}"
EndProject
Project("{9A19103F-16F7-4668-BE54-9A1E7A4F7556}") = "_04Project", "2. Hafta\_04Project\_04Project.csproj", "{A777F32E-F688-4373-9400-E6B68AB708DD}"
EndProject
Project("{9A19103F-16F7-4668-BE54-9A1E7A4F7556}") = "_08Project", "2. Hafta\_08Project\_08Project.csproj", "{900A5F56-15CC-4036-A614-3AC12AA0D7F5}"
EndProject
Project("{9A19103F-16F7-4668-BE54-9A1E7A4F7556}") = "_02Project", "2. Hafta\_02Project\_02Project.csproj", "{8216477F-E41E-449D-83DE-91BED4BE97F7}"
EndProject
Project("{2150E333-8FDC-42A3-9474-1A3956D46DE8}") = "4. Hafta", "4. Hafta", "{A615BF62-0776-48A7-9D2A-3690E288894C}"
EndProject
Project("{9A19103F-16F7-4668-BE54-9A1E7A4F7556}") = "StartsWidth", "4. Hafta\StartsWidth\StartsWidth.csproj", "{3DEE322C-F33D-4BE4-83D4-295FAA3807AD}"
EndProject
Project("{9A19103F-16F7-4668-BE54-9A1E7A4F7556}") = "EndsWidth", "4. Hafta\EndsWidth\EndsWidth.csproj", "{45BA9A37-98D7-4DA1-ABA0-1756DE3B5A62}"
EndProject
Project("{9A19103F-16F7-4668-BE54-9A1E7A4F7556}") = "Length", "4. Hafta\Length\Length.csproj", "{EE9ADA44-D29A-4D42-B2D8-29DBC99D8805}"
EndProject
Project("{9A19103F-16F7-4668-BE54-9A1E7A4F7556}") = "Trim", "4. Hafta\Trim\Trim.csproj", "{A60A4AED-21A8-42BB-AB8D-A64BA907F383}"
EndProject
Project("{9A19103F-16F7-4668-BE54-9A1E7A4F7556}") = "Substring", "4. Hafta\Substring\Substring.csproj", "{52C61C42-BC56-4A3E-A8FD-9091B767FCE9}"
EndProject
Project("{9A19103F-16F7-4668-BE54-9A1E7A4F7556}") = "ToLower", "4. Hafta\ToLower\ToLower.csproj", "{9AD7CFE4-24D5-4EBE-90DE-14F2C1A6790D}"
EndProject
Project("{9A19103F-16F7-4668-BE54-9A1E7A4F7556}") = "Replace", "4. Hafta\Replace\Replace.csproj", "{36CF3E26-9F23-4071-B5EF-FDA2CA0473D7}"
EndProject
Project("{9A19103F-16F7-4668-BE54-9A1E7A4F7556}") = "ToUpper", "4. Hafta\ToUpper\ToUpper.csproj", "{5F1F715F-4C97-4CD3-A94A-E0D04F62B05E}"
EndProject
Project("{2150E333-8FDC-42A3-9474-1A3956D46DE8}") = "6. Hafta", "6. Hafta", "{DA4420DB-2D06-4213-8A9F-0176FE9C02B1}"
EndProject
Project("{2150E333-8FDC-42A3-9474-1A3956D46DE8}") = "02", "02", "{6E4BA4C0-3F61-494A-9AFC-387B09C02C38}"
EndProject
Project("{9A19103F-16F7-4668-BE54-9A1E7A4F7556}") = "Entities", "6. Hafta\02\Entities\Entities.csproj", "{3995E81E-D619-4C7D-B501-14BE65CAE0CB}"
EndProject
Global
	GlobalSection(SolutionConfigurationPlatforms) = preSolution
		Debug|Any CPU = Debug|Any CPU
		Release|Any CPU = Release|Any CPU
	EndGlobalSection
	GlobalSection(ProjectConfigurationPlatforms) = postSolution
		{64E97EF7-F371-4235-A3B4-A7B884311090}.Debug|Any CPU.ActiveCfg = Debug|Any CPU
		{64E97EF7-F371-4235-A3B4-A7B884311090}.Debug|Any CPU.Build.0 = Debug|Any CPU
		{64E97EF7-F371-4235-A3B4-A7B884311090}.Release|Any CPU.ActiveCfg = Release|Any CPU
		{64E97EF7-F371-4235-A3B4-A7B884311090}.Release|Any CPU.Build.0 = Release|Any CPU
		{3EA8D257-12E7-4B69-816A-DBB61C367FEE}.Debug|Any CPU.ActiveCfg = Debug|Any CPU
		{3EA8D257-12E7-4B69-816A-DBB61C367FEE}.Debug|Any CPU.Build.0 = Debug|Any CPU
		{3EA8D257-12E7-4B69-816A-DBB61C367FEE}.Release|Any CPU.ActiveCfg = Release|Any CPU
		{3EA8D257-12E7-4B69-816A-DBB61C367FEE}.Release|Any CPU.Build.0 = Release|Any CPU
		{D231CE6F-10C0-4378-B679-21D83DD58DBA}.Debug|Any CPU.ActiveCfg = Debug|Any CPU
		{D231CE6F-10C0-4378-B679-21D83DD58DBA}.Debug|Any CPU.Build.0 = Debug|Any CPU
		{D231CE6F-10C0-4378-B679-21D83DD58DBA}.Release|Any CPU.ActiveCfg = Release|Any CPU
		{D231CE6F-10C0-4378-B679-21D83DD58DBA}.Release|Any CPU.Build.0 = Release|Any CPU
		{D7F786AA-C236-4EFC-9D21-62ED89FF9FAE}.Debug|Any CPU.ActiveCfg = Debug|Any CPU
		{D7F786AA-C236-4EFC-9D21-62ED89FF9FAE}.Debug|Any CPU.Build.0 = Debug|Any CPU
		{D7F786AA-C236-4EFC-9D21-62ED89FF9FAE}.Release|Any CPU.ActiveCfg = Release|Any CPU
		{D7F786AA-C236-4EFC-9D21-62ED89FF9FAE}.Release|Any CPU.Build.0 = Release|Any CPU
		{6726EE8E-5D68-4A28-AF9E-9B58B321D122}.Debug|Any CPU.ActiveCfg = Debug|Any CPU
		{6726EE8E-5D68-4A28-AF9E-9B58B321D122}.Debug|Any CPU.Build.0 = Debug|Any CPU
		{6726EE8E-5D68-4A28-AF9E-9B58B321D122}.Release|Any CPU.ActiveCfg = Release|Any CPU
		{6726EE8E-5D68-4A28-AF9E-9B58B321D122}.Release|Any CPU.Build.0 = Release|Any CPU
		{09843AE8-AA86-4DFC-A8AB-AE89C06EBDA2}.Debug|Any CPU.ActiveCfg = Debug|Any CPU
		{09843AE8-AA86-4DFC-A8AB-AE89C06EBDA2}.Debug|Any CPU.Build.0 = Debug|Any CPU
		{09843AE8-AA86-4DFC-A8AB-AE89C06EBDA2}.Release|Any CPU.ActiveCfg = Release|Any CPU
		{09843AE8-AA86-4DFC-A8AB-AE89C06EBDA2}.Release|Any CPU.Build.0 = Release|Any CPU
		{0085ADAF-4019-4F69-B3EF-4A487D4CD92A}.Debug|Any CPU.ActiveCfg = Debug|Any CPU
		{0085ADAF-4019-4F69-B3EF-4A487D4CD92A}.Debug|Any CPU.Build.0 = Debug|Any CPU
		{0085ADAF-4019-4F69-B3EF-4A487D4CD92A}.Release|Any CPU.ActiveCfg = Release|Any CPU
		{0085ADAF-4019-4F69-B3EF-4A487D4CD92A}.Release|Any CPU.Build.0 = Release|Any CPU
		{4682C049-4BE9-4A28-B372-3812D8FF3182}.Debug|Any CPU.ActiveCfg = Debug|Any CPU
		{4682C049-4BE9-4A28-B372-3812D8FF3182}.Debug|Any CPU.Build.0 = Debug|Any CPU
		{4682C049-4BE9-4A28-B372-3812D8FF3182}.Release|Any CPU.ActiveCfg = Release|Any CPU
		{4682C049-4BE9-4A28-B372-3812D8FF3182}.Release|Any CPU.Build.0 = Release|Any CPU
		{E2D68B6F-D8F3-48A2-9B3F-73FB12FAB6CA}.Debug|Any CPU.ActiveCfg = Debug|Any CPU
		{E2D68B6F-D8F3-48A2-9B3F-73FB12FAB6CA}.Debug|Any CPU.Build.0 = Debug|Any CPU
		{E2D68B6F-D8F3-48A2-9B3F-73FB12FAB6CA}.Release|Any CPU.ActiveCfg = Release|Any CPU
		{E2D68B6F-D8F3-48A2-9B3F-73FB12FAB6CA}.Release|Any CPU.Build.0 = Release|Any CPU
		{9CD1C874-7623-4C81-AD36-71E49215CE32}.Debug|Any CPU.ActiveCfg = Debug|Any CPU
		{9CD1C874-7623-4C81-AD36-71E49215CE32}.Debug|Any CPU.Build.0 = Debug|Any CPU
		{9CD1C874-7623-4C81-AD36-71E49215CE32}.Release|Any CPU.ActiveCfg = Release|Any CPU
		{9CD1C874-7623-4C81-AD36-71E49215CE32}.Release|Any CPU.Build.0 = Release|Any CPU
		{87614D82-D792-4775-9094-5BD2D7D5009B}.Debug|Any CPU.ActiveCfg = Debug|Any CPU
		{87614D82-D792-4775-9094-5BD2D7D5009B}.Debug|Any CPU.Build.0 = Debug|Any CPU
		{87614D82-D792-4775-9094-5BD2D7D5009B}.Release|Any CPU.ActiveCfg = Release|Any CPU
		{87614D82-D792-4775-9094-5BD2D7D5009B}.Release|Any CPU.Build.0 = Release|Any CPU
		{8A0E88A6-9F7B-4353-B7F0-B24CF2BB176A}.Debug|Any CPU.ActiveCfg = Debug|Any CPU
		{8A0E88A6-9F7B-4353-B7F0-B24CF2BB176A}.Debug|Any CPU.Build.0 = Debug|Any CPU
		{8A0E88A6-9F7B-4353-B7F0-B24CF2BB176A}.Release|Any CPU.ActiveCfg = Release|Any CPU
		{8A0E88A6-9F7B-4353-B7F0-B24CF2BB176A}.Release|Any CPU.Build.0 = Release|Any CPU
		{250240A9-7031-4C82-9655-B51E9A9AE8EE}.Debug|Any CPU.ActiveCfg = Debug|Any CPU
		{250240A9-7031-4C82-9655-B51E9A9AE8EE}.Debug|Any CPU.Build.0 = Debug|Any CPU
		{250240A9-7031-4C82-9655-B51E9A9AE8EE}.Release|Any CPU.ActiveCfg = Release|Any CPU
		{250240A9-7031-4C82-9655-B51E9A9AE8EE}.Release|Any CPU.Build.0 = Release|Any CPU
		{EC53E9BF-8D0C-435F-A8C6-B7BC7F9CB42F}.Debug|Any CPU.ActiveCfg = Debug|Any CPU
		{EC53E9BF-8D0C-435F-A8C6-B7BC7F9CB42F}.Debug|Any CPU.Build.0 = Debug|Any CPU
		{EC53E9BF-8D0C-435F-A8C6-B7BC7F9CB42F}.Release|Any CPU.ActiveCfg = Release|Any CPU
		{EC53E9BF-8D0C-435F-A8C6-B7BC7F9CB42F}.Release|Any CPU.Build.0 = Release|Any CPU
		{B468208A-AF2C-4991-8CBB-4F21D76732DC}.Debug|Any CPU.ActiveCfg = Debug|Any CPU
		{B468208A-AF2C-4991-8CBB-4F21D76732DC}.Debug|Any CPU.Build.0 = Debug|Any CPU
		{B468208A-AF2C-4991-8CBB-4F21D76732DC}.Release|Any CPU.ActiveCfg = Release|Any CPU
		{B468208A-AF2C-4991-8CBB-4F21D76732DC}.Release|Any CPU.Build.0 = Release|Any CPU
		{F0502F8E-A3D2-4430-ADA9-905CB6B00BF5}.Debug|Any CPU.ActiveCfg = Debug|Any CPU
		{F0502F8E-A3D2-4430-ADA9-905CB6B00BF5}.Debug|Any CPU.Build.0 = Debug|Any CPU
		{F0502F8E-A3D2-4430-ADA9-905CB6B00BF5}.Release|Any CPU.ActiveCfg = Release|Any CPU
		{F0502F8E-A3D2-4430-ADA9-905CB6B00BF5}.Release|Any CPU.Build.0 = Release|Any CPU
		{EF8F5361-3E06-4F4D-A4B4-E27BFD857D84}.Debug|Any CPU.ActiveCfg = Debug|Any CPU
		{EF8F5361-3E06-4F4D-A4B4-E27BFD857D84}.Debug|Any CPU.Build.0 = Debug|Any CPU
		{EF8F5361-3E06-4F4D-A4B4-E27BFD857D84}.Release|Any CPU.ActiveCfg = Release|Any CPU
		{EF8F5361-3E06-4F4D-A4B4-E27BFD857D84}.Release|Any CPU.Build.0 = Release|Any CPU
		{BB6AF874-F583-4207-8853-70879B8159F1}.Debug|Any CPU.ActiveCfg = Debug|Any CPU
		{BB6AF874-F583-4207-8853-70879B8159F1}.Debug|Any CPU.Build.0 = Debug|Any CPU
		{BB6AF874-F583-4207-8853-70879B8159F1}.Release|Any CPU.ActiveCfg = Release|Any CPU
		{BB6AF874-F583-4207-8853-70879B8159F1}.Release|Any CPU.Build.0 = Release|Any CPU
		{C31789A3-C849-4C39-8F33-4E16A262E5DF}.Debug|Any CPU.ActiveCfg = Debug|Any CPU
		{C31789A3-C849-4C39-8F33-4E16A262E5DF}.Debug|Any CPU.Build.0 = Debug|Any CPU
		{C31789A3-C849-4C39-8F33-4E16A262E5DF}.Release|Any CPU.ActiveCfg = Release|Any CPU
		{C31789A3-C849-4C39-8F33-4E16A262E5DF}.Release|Any CPU.Build.0 = Release|Any CPU
		{72E26D5C-35FF-4998-A755-A83BA3D046E7}.Debug|Any CPU.ActiveCfg = Debug|Any CPU
		{72E26D5C-35FF-4998-A755-A83BA3D046E7}.Debug|Any CPU.Build.0 = Debug|Any CPU
		{72E26D5C-35FF-4998-A755-A83BA3D046E7}.Release|Any CPU.ActiveCfg = Release|Any CPU
		{72E26D5C-35FF-4998-A755-A83BA3D046E7}.Release|Any CPU.Build.0 = Release|Any CPU
		{A777F32E-F688-4373-9400-E6B68AB708DD}.Debug|Any CPU.ActiveCfg = Debug|Any CPU
		{A777F32E-F688-4373-9400-E6B68AB708DD}.Debug|Any CPU.Build.0 = Debug|Any CPU
		{A777F32E-F688-4373-9400-E6B68AB708DD}.Release|Any CPU.ActiveCfg = Release|Any CPU
		{A777F32E-F688-4373-9400-E6B68AB708DD}.Release|Any CPU.Build.0 = Release|Any CPU
		{900A5F56-15CC-4036-A614-3AC12AA0D7F5}.Debug|Any CPU.ActiveCfg = Debug|Any CPU
		{900A5F56-15CC-4036-A614-3AC12AA0D7F5}.Debug|Any CPU.Build.0 = Debug|Any CPU
		{900A5F56-15CC-4036-A614-3AC12AA0D7F5}.Release|Any CPU.ActiveCfg = Release|Any CPU
		{900A5F56-15CC-4036-A614-3AC12AA0D7F5}.Release|Any CPU.Build.0 = Release|Any CPU
		{8216477F-E41E-449D-83DE-91BED4BE97F7}.Debug|Any CPU.ActiveCfg = Debug|Any CPU
		{8216477F-E41E-449D-83DE-91BED4BE97F7}.Debug|Any CPU.Build.0 = Debug|Any CPU
		{8216477F-E41E-449D-83DE-91BED4BE97F7}.Release|Any CPU.ActiveCfg = Release|Any CPU
		{8216477F-E41E-449D-83DE-91BED4BE97F7}.Release|Any CPU.Build.0 = Release|Any CPU
		{3DEE322C-F33D-4BE4-83D4-295FAA3807AD}.Debug|Any CPU.ActiveCfg = Debug|Any CPU
		{3DEE322C-F33D-4BE4-83D4-295FAA3807AD}.Debug|Any CPU.Build.0 = Debug|Any CPU
		{3DEE322C-F33D-4BE4-83D4-295FAA3807AD}.Release|Any CPU.ActiveCfg = Release|Any CPU
		{3DEE322C-F33D-4BE4-83D4-295FAA3807AD}.Release|Any CPU.Build.0 = Release|Any CPU
		{45BA9A37-98D7-4DA1-ABA0-1756DE3B5A62}.Debug|Any CPU.ActiveCfg = Debug|Any CPU
		{45BA9A37-98D7-4DA1-ABA0-1756DE3B5A62}.Debug|Any CPU.Build.0 = Debug|Any CPU
		{45BA9A37-98D7-4DA1-ABA0-1756DE3B5A62}.Release|Any CPU.ActiveCfg = Release|Any CPU
		{45BA9A37-98D7-4DA1-ABA0-1756DE3B5A62}.Release|Any CPU.Build.0 = Release|Any CPU
		{EE9ADA44-D29A-4D42-B2D8-29DBC99D8805}.Debug|Any CPU.ActiveCfg = Debug|Any CPU
		{EE9ADA44-D29A-4D42-B2D8-29DBC99D8805}.Debug|Any CPU.Build.0 = Debug|Any CPU
		{EE9ADA44-D29A-4D42-B2D8-29DBC99D8805}.Release|Any CPU.ActiveCfg = Release|Any CPU
		{EE9ADA44-D29A-4D42-B2D8-29DBC99D8805}.Release|Any CPU.Build.0 = Release|Any CPU
		{A60A4AED-21A8-42BB-AB8D-A64BA907F383}.Debug|Any CPU.ActiveCfg = Debug|Any CPU
		{A60A4AED-21A8-42BB-AB8D-A64BA907F383}.Debug|Any CPU.Build.0 = Debug|Any CPU
		{A60A4AED-21A8-42BB-AB8D-A64BA907F383}.Release|Any CPU.ActiveCfg = Release|Any CPU
		{A60A4AED-21A8-42BB-AB8D-A64BA907F383}.Release|Any CPU.Build.0 = Release|Any CPU
		{52C61C42-BC56-4A3E-A8FD-9091B767FCE9}.Debug|Any CPU.ActiveCfg = Debug|Any CPU
		{52C61C42-BC56-4A3E-A8FD-9091B767FCE9}.Debug|Any CPU.Build.0 = Debug|Any CPU
		{52C61C42-BC56-4A3E-A8FD-9091B767FCE9}.Release|Any CPU.ActiveCfg = Release|Any CPU
		{52C61C42-BC56-4A3E-A8FD-9091B767FCE9}.Release|Any CPU.Build.0 = Release|Any CPU
		{9AD7CFE4-24D5-4EBE-90DE-14F2C1A6790D}.Debug|Any CPU.ActiveCfg = Debug|Any CPU
		{9AD7CFE4-24D5-4EBE-90DE-14F2C1A6790D}.Debug|Any CPU.Build.0 = Debug|Any CPU
		{9AD7CFE4-24D5-4EBE-90DE-14F2C1A6790D}.Release|Any CPU.ActiveCfg = Release|Any CPU
		{9AD7CFE4-24D5-4EBE-90DE-14F2C1A6790D}.Release|Any CPU.Build.0 = Release|Any CPU
		{36CF3E26-9F23-4071-B5EF-FDA2CA0473D7}.Debug|Any CPU.ActiveCfg = Debug|Any CPU
		{36CF3E26-9F23-4071-B5EF-FDA2CA0473D7}.Debug|Any CPU.Build.0 = Debug|Any CPU
		{36CF3E26-9F23-4071-B5EF-FDA2CA0473D7}.Release|Any CPU.ActiveCfg = Release|Any CPU
		{36CF3E26-9F23-4071-B5EF-FDA2CA0473D7}.Release|Any CPU.Build.0 = Release|Any CPU
		{5F1F715F-4C97-4CD3-A94A-E0D04F62B05E}.Debug|Any CPU.ActiveCfg = Debug|Any CPU
		{5F1F715F-4C97-4CD3-A94A-E0D04F62B05E}.Debug|Any CPU.Build.0 = Debug|Any CPU
		{5F1F715F-4C97-4CD3-A94A-E0D04F62B05E}.Release|Any CPU.ActiveCfg = Release|Any CPU
		{5F1F715F-4C97-4CD3-A94A-E0D04F62B05E}.Release|Any CPU.Build.0 = Release|Any CPU
		{3995E81E-D619-4C7D-B501-14BE65CAE0CB}.Debug|Any CPU.ActiveCfg = Debug|Any CPU
		{3995E81E-D619-4C7D-B501-14BE65CAE0CB}.Debug|Any CPU.Build.0 = Debug|Any CPU
		{3995E81E-D619-4C7D-B501-14BE65CAE0CB}.Release|Any CPU.ActiveCfg = Release|Any CPU
		{3995E81E-D619-4C7D-B501-14BE65CAE0CB}.Release|Any CPU.Build.0 = Release|Any CPU
	EndGlobalSection
	GlobalSection(SolutionProperties) = preSolution
		HideSolutionNode = FALSE
	EndGlobalSection
	GlobalSection(NestedProjects) = preSolution
		{64E97EF7-F371-4235-A3B4-A7B884311090} = {7C27B2A9-1332-424A-A3BD-1E2EC264A04D}
		{3EA8D257-12E7-4B69-816A-DBB61C367FEE} = {7C27B2A9-1332-424A-A3BD-1E2EC264A04D}
		{D231CE6F-10C0-4378-B679-21D83DD58DBA} = {7C27B2A9-1332-424A-A3BD-1E2EC264A04D}
		{D7F786AA-C236-4EFC-9D21-62ED89FF9FAE} = {7C27B2A9-1332-424A-A3BD-1E2EC264A04D}
		{6726EE8E-5D68-4A28-AF9E-9B58B321D122} = {7C27B2A9-1332-424A-A3BD-1E2EC264A04D}
		{09843AE8-AA86-4DFC-A8AB-AE89C06EBDA2} = {7C27B2A9-1332-424A-A3BD-1E2EC264A04D}
		{0085ADAF-4019-4F69-B3EF-4A487D4CD92A} = {7C27B2A9-1332-424A-A3BD-1E2EC264A04D}
		{4682C049-4BE9-4A28-B372-3812D8FF3182} = {6D238956-285C-454F-8618-2031AC15AEC0}
		{E2D68B6F-D8F3-48A2-9B3F-73FB12FAB6CA} = {6D238956-285C-454F-8618-2031AC15AEC0}
		{9CD1C874-7623-4C81-AD36-71E49215CE32} = {6D238956-285C-454F-8618-2031AC15AEC0}
		{87614D82-D792-4775-9094-5BD2D7D5009B} = {6D238956-285C-454F-8618-2031AC15AEC0}
		{8A0E88A6-9F7B-4353-B7F0-B24CF2BB176A} = {6D238956-285C-454F-8618-2031AC15AEC0}
		{250240A9-7031-4C82-9655-B51E9A9AE8EE} = {6D238956-285C-454F-8618-2031AC15AEC0}
		{EC53E9BF-8D0C-435F-A8C6-B7BC7F9CB42F} = {6D238956-285C-454F-8618-2031AC15AEC0}
		{B468208A-AF2C-4991-8CBB-4F21D76732DC} = {7C489874-FEDF-40B1-A3A4-4894F11DDDF1}
		{F0502F8E-A3D2-4430-ADA9-905CB6B00BF5} = {7B417FFA-50ED-4D66-842F-6B53E9D5C8D5}
		{EF8F5361-3E06-4F4D-A4B4-E27BFD857D84} = {7B417FFA-50ED-4D66-842F-6B53E9D5C8D5}
		{BB6AF874-F583-4207-8853-70879B8159F1} = {7B417FFA-50ED-4D66-842F-6B53E9D5C8D5}
		{C31789A3-C849-4C39-8F33-4E16A262E5DF} = {7B417FFA-50ED-4D66-842F-6B53E9D5C8D5}
		{72E26D5C-35FF-4998-A755-A83BA3D046E7} = {7B417FFA-50ED-4D66-842F-6B53E9D5C8D5}
		{A777F32E-F688-4373-9400-E6B68AB708DD} = {7B417FFA-50ED-4D66-842F-6B53E9D5C8D5}
		{900A5F56-15CC-4036-A614-3AC12AA0D7F5} = {7B417FFA-50ED-4D66-842F-6B53E9D5C8D5}
		{8216477F-E41E-449D-83DE-91BED4BE97F7} = {7B417FFA-50ED-4D66-842F-6B53E9D5C8D5}
		{3DEE322C-F33D-4BE4-83D4-295FAA3807AD} = {A615BF62-0776-48A7-9D2A-3690E288894C}
		{45BA9A37-98D7-4DA1-ABA0-1756DE3B5A62} = {A615BF62-0776-48A7-9D2A-3690E288894C}
		{EE9ADA44-D29A-4D42-B2D8-29DBC99D8805} = {A615BF62-0776-48A7-9D2A-3690E288894C}
		{A60A4AED-21A8-42BB-AB8D-A64BA907F383} = {A615BF62-0776-48A7-9D2A-3690E288894C}
		{52C61C42-BC56-4A3E-A8FD-9091B767FCE9} = {A615BF62-0776-48A7-9D2A-3690E288894C}
		{9AD7CFE4-24D5-4EBE-90DE-14F2C1A6790D} = {A615BF62-0776-48A7-9D2A-3690E288894C}
		{36CF3E26-9F23-4071-B5EF-FDA2CA0473D7} = {A615BF62-0776-48A7-9D2A-3690E288894C}
		{5F1F715F-4C97-4CD3-A94A-E0D04F62B05E} = {A615BF62-0776-48A7-9D2A-3690E288894C}
		{6E4BA4C0-3F61-494A-9AFC-387B09C02C38} = {DA4420DB-2D06-4213-8A9F-0176FE9C02B1}
		{3995E81E-D619-4C7D-B501-14BE65CAE0CB} = {6E4BA4C0-3F61-494A-9AFC-387B09C02C38}
	EndGlobalSection
	GlobalSection(ExtensibilityGlobals) = postSolution
		SolutionGuid = {8B162793-DFAE-4ECB-9A2A-B21709E0FD45}
	EndGlobalSection
EndGlobal
